PODS:
  - CryptoSwift (1.4.0)
  - Ed25519HDKeySwift (1.2.0):
    - CryptoSwift
    - TweetNacl
  - TweetNacl (1.0.2)

DEPENDENCIES:
  - Ed25519HDKeySwift (from `../`)

SPEC REPOS:
  trunk:
    - CryptoSwift
    - TweetNacl

EXTERNAL SOURCES:
  Ed25519HDKeySwift:
    :path: "../"

SPEC CHECKSUMS:
  CryptoSwift: 7cc902df1784de3b389a387756c7d710f197730c
  Ed25519HDKeySwift: 627c55cd5c4958cc53342944de56e55fc9513a1a
  TweetNacl: 3abf4d1d2082b0114e7a67410e300892448951e6

PODFILE CHECKSUM: eb3cc0e532266e13e7cecc74d04a5e885cb431ab

COCOAPODS: 1.10.1
